
Microsoft Visual Studio Solution File, Format Version 12.00
Project("{2150E333-8FDC-42A3-9474-1A3956D46DE8}") = "Presentations", "Presentations", "{AF58EF34-D46C-4237-A482-0D806647AB3C}"
EndProject
Project("{FAE04EC0-301F-11D3-BF4B-00C04F79EFBC}") = "Loan2022.Client", "Loan2022.Client\Loan2022.Client.csproj", "{ED790961-BDB2-4A36-8136-E1B32D659398}"
EndProject
Project("{FAE04EC0-301F-11D3-BF4B-00C04F79EFBC}") = "Loan2022.Admin", "Loan2022.Admin\Loan2022.Admin.csproj", "{AC9A8298-601E-49E7-A9FE-719579DC641A}"
EndProject
Project("{2150E333-8FDC-42A3-9474-1A3956D46DE8}") = "Infrastructure", "Infrastructure", "{11982A48-F90D-4381-AFE4-E37B64340AC1}"
EndProject
Project("{FAE04EC0-301F-11D3-BF4B-00C04F79EFBC}") = "Loan2022.Infrastructure", "Loan2022.Infrastructure\Loan2022.Infrastructure.csproj", "{97281BB2-5C32-4C83-98E7-41DB76D81F08}"
EndProject
Project("{2150E333-8FDC-42A3-9474-1A3956D46DE8}") = "Core", "Core", "{C21BFD05-41C2-4A61-9E01-FD0551939F50}"
EndProject
Project("{FAE04EC0-301F-11D3-BF4B-00C04F79EFBC}") = "Loan2022.Application", "Loan2022.Application\Loan2022.Application.csproj", "{84D235E4-12C5-48CA-8E39-EBB4909C09DD}"
EndProject
Project("{FAE04EC0-301F-11D3-BF4B-00C04F79EFBC}") = "Loan2022.Result", "Loan2022.Result\Loan2022.Result.csproj", "{B4A48627-E1E5-43D5-9D3A-608029D69552}"
EndProject
Project("{FAE04EC0-301F-11D3-BF4B-00C04F79EFBC}") = "Loan2022.Framework", "Loan2022.Framework\Loan2022.Framework.csproj", "{1AEB942C-C21B-4F3A-960A-1007A32D32E5}"
EndProject
Project("{FAE04EC0-301F-11D3-BF4B-00C04F79EFBC}") = "Loan2022.Domain", "Loan2022.Domain\Loan2022.Domain.csproj", "{949FFA1E-01B2-449E-8BE1-A53A582E4E41}"
EndProject
Project("{FAE04EC0-301F-11D3-BF4B-00C04F79EFBC}") = "Loan2022.Infrastructure.CacheRepository", "Loan2022.Infrastructure.CacheRepository\Loan2022.Infrastructure.CacheRepository.csproj", "{4D5E960C-BE3B-4094-98AB-2B3EBD99172D}"
EndProject
Project("{FAE04EC0-301F-11D3-BF4B-00C04F79EFBC}") = "Loan2022.Service", "Loan2022.Service\Loan2022.Service.csproj", "{3EDB5F78-6A26-4B3D-A7F9-CB609DA800C5}"
EndProject
Project("{FAE04EC0-301F-11D3-BF4B-00C04F79EFBC}") = "Loan2022.ViewModels", "Loan2022.ViewModels\Loan2022.ViewModels.csproj", "{54629D8E-03B5-46BD-BE17-D60DACF505D3}"
EndProject
Global
	GlobalSection(SolutionConfigurationPlatforms) = preSolution
		Debug|Any CPU = Debug|Any CPU
		Release|Any CPU = Release|Any CPU
	EndGlobalSection
	GlobalSection(NestedProjects) = preSolution
		{ED790961-BDB2-4A36-8136-E1B32D659398} = {AF58EF34-D46C-4237-A482-0D806647AB3C}
		{AC9A8298-601E-49E7-A9FE-719579DC641A} = {AF58EF34-D46C-4237-A482-0D806647AB3C}
		{97281BB2-5C32-4C83-98E7-41DB76D81F08} = {11982A48-F90D-4381-AFE4-E37B64340AC1}
		{84D235E4-12C5-48CA-8E39-EBB4909C09DD} = {C21BFD05-41C2-4A61-9E01-FD0551939F50}
		{B4A48627-E1E5-43D5-9D3A-608029D69552} = {C21BFD05-41C2-4A61-9E01-FD0551939F50}
		{1AEB942C-C21B-4F3A-960A-1007A32D32E5} = {AF58EF34-D46C-4237-A482-0D806647AB3C}
		{949FFA1E-01B2-449E-8BE1-A53A582E4E41} = {C21BFD05-41C2-4A61-9E01-FD0551939F50}
		{4D5E960C-BE3B-4094-98AB-2B3EBD99172D} = {11982A48-F90D-4381-AFE4-E37B64340AC1}
		{3EDB5F78-6A26-4B3D-A7F9-CB609DA800C5} = {C21BFD05-41C2-4A61-9E01-FD0551939F50}
		{54629D8E-03B5-46BD-BE17-D60DACF505D3} = {C21BFD05-41C2-4A61-9E01-FD0551939F50}
	EndGlobalSection
	GlobalSection(ProjectConfigurationPlatforms) = postSolution
		{ED790961-BDB2-4A36-8136-E1B32D659398}.Debug|Any CPU.ActiveCfg = Debug|Any CPU
		{ED790961-BDB2-4A36-8136-E1B32D659398}.Debug|Any CPU.Build.0 = Debug|Any CPU
		{ED790961-BDB2-4A36-8136-E1B32D659398}.Release|Any CPU.ActiveCfg = Release|Any CPU
		{ED790961-BDB2-4A36-8136-E1B32D659398}.Release|Any CPU.Build.0 = Release|Any CPU
		{AC9A8298-601E-49E7-A9FE-719579DC641A}.Debug|Any CPU.ActiveCfg = Debug|Any CPU
		{AC9A8298-601E-49E7-A9FE-719579DC641A}.Debug|Any CPU.Build.0 = Debug|Any CPU
		{AC9A8298-601E-49E7-A9FE-719579DC641A}.Release|Any CPU.ActiveCfg = Release|Any CPU
		{AC9A8298-601E-49E7-A9FE-719579DC641A}.Release|Any CPU.Build.0 = Release|Any CPU
		{97281BB2-5C32-4C83-98E7-41DB76D81F08}.Debug|Any CPU.ActiveCfg = Debug|Any CPU
		{97281BB2-5C32-4C83-98E7-41DB76D81F08}.Debug|Any CPU.Build.0 = Debug|Any CPU
		{97281BB2-5C32-4C83-98E7-41DB76D81F08}.Release|Any CPU.ActiveCfg = Release|Any CPU
		{97281BB2-5C32-4C83-98E7-41DB76D81F08}.Release|Any CPU.Build.0 = Release|Any CPU
		{84D235E4-12C5-48CA-8E39-EBB4909C09DD}.Debug|Any CPU.ActiveCfg = Debug|Any CPU
		{84D235E4-12C5-48CA-8E39-EBB4909C09DD}.Debug|Any CPU.Build.0 = Debug|Any CPU
		{84D235E4-12C5-48CA-8E39-EBB4909C09DD}.Release|Any CPU.ActiveCfg = Release|Any CPU
		{84D235E4-12C5-48CA-8E39-EBB4909C09DD}.Release|Any CPU.Build.0 = Release|Any CPU
		{B4A48627-E1E5-43D5-9D3A-608029D69552}.Debug|Any CPU.ActiveCfg = Debug|Any CPU
		{B4A48627-E1E5-43D5-9D3A-608029D69552}.Debug|Any CPU.Build.0 = Debug|Any CPU
		{B4A48627-E1E5-43D5-9D3A-608029D69552}.Release|Any CPU.ActiveCfg = Release|Any CPU
		{B4A48627-E1E5-43D5-9D3A-608029D69552}.Release|Any CPU.Build.0 = Release|Any CPU
		{1AEB942C-C21B-4F3A-960A-1007A32D32E5}.Debug|Any CPU.ActiveCfg = Debug|Any CPU
		{1AEB942C-C21B-4F3A-960A-1007A32D32E5}.Debug|Any CPU.Build.0 = Debug|Any CPU
		{1AEB942C-C21B-4F3A-960A-1007A32D32E5}.Release|Any CPU.ActiveCfg = Release|Any CPU
		{1AEB942C-C21B-4F3A-960A-1007A32D32E5}.Release|Any CPU.Build.0 = Release|Any CPU
		{949FFA1E-01B2-449E-8BE1-A53A582E4E41}.Debug|Any CPU.ActiveCfg = Debug|Any CPU
		{949FFA1E-01B2-449E-8BE1-A53A582E4E41}.Debug|Any CPU.Build.0 = Debug|Any CPU
		{949FFA1E-01B2-449E-8BE1-A53A582E4E41}.Release|Any CPU.ActiveCfg = Release|Any CPU
		{949FFA1E-01B2-449E-8BE1-A53A582E4E41}.Release|Any CPU.Build.0 = Release|Any CPU
		{4D5E960C-BE3B-4094-98AB-2B3EBD99172D}.Debug|Any CPU.ActiveCfg = Debug|Any CPU
		{4D5E960C-BE3B-4094-98AB-2B3EBD99172D}.Debug|Any CPU.Build.0 = Debug|Any CPU
		{4D5E960C-BE3B-4094-98AB-2B3EBD99172D}.Release|Any CPU.ActiveCfg = Release|Any CPU
		{4D5E960C-BE3B-4094-98AB-2B3EBD99172D}.Release|Any CPU.Build.0 = Release|Any CPU
		{3EDB5F78-6A26-4B3D-A7F9-CB609DA800C5}.Debug|Any CPU.ActiveCfg = Debug|Any CPU
		{3EDB5F78-6A26-4B3D-A7F9-CB609DA800C5}.Debug|Any CPU.Build.0 = Debug|Any CPU
		{3EDB5F78-6A26-4B3D-A7F9-CB609DA800C5}.Release|Any CPU.ActiveCfg = Release|Any CPU
		{3EDB5F78-6A26-4B3D-A7F9-CB609DA800C5}.Release|Any CPU.Build.0 = Release|Any CPU
		{54629D8E-03B5-46BD-BE17-D60DACF505D3}.Debug|Any CPU.ActiveCfg = Debug|Any CPU
		{54629D8E-03B5-46BD-BE17-D60DACF505D3}.Debug|Any CPU.Build.0 = Debug|Any CPU
		{54629D8E-03B5-46BD-BE17-D60DACF505D3}.Release|Any CPU.ActiveCfg = Release|Any CPU
		{54629D8E-03B5-46BD-BE17-D60DACF505D3}.Release|Any CPU.Build.0 = Release|Any CPU
	EndGlobalSection
EndGlobal
